// !$*UTF8*$!
{
	archiveVersion = 1;
	classes = {
	};
	objectVersion = 56;
	objects = {

/* Begin PBXBuildFile section */
		B5C3CBF0261FC3A6429C64E3 /* Pods_RegistrationFirebase.framework in Frameworks */ = {isa = PBXBuildFile; fileRef = 2036E5CB937198580D42E414 /* Pods_RegistrationFirebase.framework */; };
		EA159B782AE886B800EDD633 /* HomeViewController.swift in Sources */ = {isa = PBXBuildFile; fileRef = EA159B772AE886B800EDD633 /* HomeViewController.swift */; };
		EA159B7B2AE9738F00EDD633 /* SignUpViewController.swift in Sources */ = {isa = PBXBuildFile; fileRef = EA159B7A2AE9738F00EDD633 /* SignUpViewController.swift */; };
		EA159B7D2AE9753D00EDD633 /* LoginViewController.swift in Sources */ = {isa = PBXBuildFile; fileRef = EA159B7C2AE9753D00EDD633 /* LoginViewController.swift */; };
		EA159B7F2AE9763900EDD633 /* Utilities.swift in Sources */ = {isa = PBXBuildFile; fileRef = EA159B7E2AE9763900EDD633 /* Utilities.swift */; };
		EA159B822AE976B300EDD633 /* ViewController.swift in Sources */ = {isa = PBXBuildFile; fileRef = EA159B812AE976B300EDD633 /* ViewController.swift */; };
		EA159B842AE97E0900EDD633 /* GoogleService-Info.plist in Resources */ = {isa = PBXBuildFile; fileRef = EA159B832AE97E0900EDD633 /* GoogleService-Info.plist */; };
		EA159B862AE989A500EDD633 /* Constants.swift in Sources */ = {isa = PBXBuildFile; fileRef = EA159B852AE989A500EDD633 /* Constants.swift */; };
		EA159B892AE993AA00EDD633 /* videoplayback.MOV in Resources */ = {isa = PBXBuildFile; fileRef = EA159B882AE993AA00EDD633 /* videoplayback.MOV */; };
		EA159B8D2AE99D8200EDD633 /* video.mov in Resources */ = {isa = PBXBuildFile; fileRef = EA159B8C2AE99D8200EDD633 /* video.mov */; };
		EAD3B1662AE86E5900E95E54 /* AppDelegate.swift in Sources */ = {isa = PBXBuildFile; fileRef = EAD3B1652AE86E5900E95E54 /* AppDelegate.swift */; };
		EAD3B1682AE86E5900E95E54 /* SceneDelegate.swift in Sources */ = {isa = PBXBuildFile; fileRef = EAD3B1672AE86E5900E95E54 /* SceneDelegate.swift */; };
		EAD3B16D2AE86E5900E95E54 /* Main.storyboard in Resources */ = {isa = PBXBuildFile; fileRef = EAD3B16B2AE86E5900E95E54 /* Main.storyboard */; };
		EAD3B16F2AE86E5C00E95E54 /* Assets.xcassets in Resources */ = {isa = PBXBuildFile; fileRef = EAD3B16E2AE86E5C00E95E54 /* Assets.xcassets */; };
		EAD3B1722AE86E5C00E95E54 /* LaunchScreen.storyboard in Resources */ = {isa = PBXBuildFile; fileRef = EAD3B1702AE86E5C00E95E54 /* LaunchScreen.storyboard */; };
/* End PBXBuildFile section */

/* Begin PBXFileReference section */
		2036E5CB937198580D42E414 /* Pods_RegistrationFirebase.framework */ = {isa = PBXFileReference; explicitFileType = wrapper.framework; includeInIndex = 0; path = Pods_RegistrationFirebase.framework; sourceTree = BUILT_PRODUCTS_DIR; };
		32E2C3345D78F566BFE982CB /* Pods-RegistrationFirebase.release.xcconfig */ = {isa = PBXFileReference; includeInIndex = 1; lastKnownFileType = text.xcconfig; name = "Pods-RegistrationFirebase.release.xcconfig"; path = "Target Support Files/Pods-RegistrationFirebase/Pods-RegistrationFirebase.release.xcconfig"; sourceTree = "<group>"; };
		5D6A952C5303CEF0C252AD3E /* Pods-RegistrationFirebase.debug.xcconfig */ = {isa = PBXFileReference; includeInIndex = 1; lastKnownFileType = text.xcconfig; name = "Pods-RegistrationFirebase.debug.xcconfig"; path = "Target Support Files/Pods-RegistrationFirebase/Pods-RegistrationFirebase.debug.xcconfig"; sourceTree = "<group>"; };
		EA159B772AE886B800EDD633 /* HomeViewController.swift */ = {isa = PBXFileReference; lastKnownFileType = sourcecode.swift; path = HomeViewController.swift; sourceTree = "<group>"; };
		EA159B7A2AE9738F00EDD633 /* SignUpViewController.swift */ = {isa = PBXFileReference; lastKnownFileType = sourcecode.swift; path = SignUpViewController.swift; sourceTree = "<group>"; };
		EA159B7C2AE9753D00EDD633 /* LoginViewController.swift */ = {isa = PBXFileReference; lastKnownFileType = sourcecode.swift; path = LoginViewController.swift; sourceTree = "<group>"; };
		EA159B7E2AE9763900EDD633 /* Utilities.swift */ = {isa = PBXFileReference; fileEncoding = 4; lastKnownFileType = sourcecode.swift; path = Utilities.swift; sourceTree = "<group>"; };
		EA159B812AE976B300EDD633 /* ViewController.swift */ = {isa = PBXFileReference; lastKnownFileType = sourcecode.swift; path = ViewController.swift; sourceTree = "<group>"; };
		EA159B832AE97E0900EDD633 /* GoogleService-Info.plist */ = {isa = PBXFileReference; fileEncoding = 4; lastKnownFileType = text.plist.xml; path = "GoogleService-Info.plist"; sourceTree = "<group>"; };
		EA159B852AE989A500EDD633 /* Constants.swift */ = {isa = PBXFileReference; lastKnownFileType = sourcecode.swift; path = Constants.swift; sourceTree = "<group>"; };
		EA159B882AE993AA00EDD633 /* videoplayback.MOV */ = {isa = PBXFileReference; lastKnownFileType = video.quicktime; path = videoplayback.MOV; sourceTree = "<group>"; };
		EA159B8C2AE99D8200EDD633 /* video.mov */ = {isa = PBXFileReference; lastKnownFileType = video.quicktime; path = video.mov; sourceTree = "<group>"; };
		EAD3B1622AE86E5900E95E54 /* RegistrationFirebase.app */ = {isa = PBXFileReference; explicitFileType = wrapper.application; includeInIndex = 0; path = RegistrationFirebase.app; sourceTree = BUILT_PRODUCTS_DIR; };
		EAD3B1652AE86E5900E95E54 /* AppDelegate.swift */ = {isa = PBXFileReference; lastKnownFileType = sourcecode.swift; path = AppDelegate.swift; sourceTree = "<group>"; };
		EAD3B1672AE86E5900E95E54 /* SceneDelegate.swift */ = {isa = PBXFileReference; lastKnownFileType = sourcecode.swift; path = SceneDelegate.swift; sourceTree = "<group>"; };
		EAD3B16C2AE86E5900E95E54 /* Base */ = {isa = PBXFileReference; lastKnownFileType = file.storyboard; name = Base; path = Base.lproj/Main.storyboard; sourceTree = "<group>"; };
		EAD3B16E2AE86E5C00E95E54 /* Assets.xcassets */ = {isa = PBXFileReference; lastKnownFileType = folder.assetcatalog; path = Assets.xcassets; sourceTree = "<group>"; };
		EAD3B1712AE86E5C00E95E54 /* Base */ = {isa = PBXFileReference; lastKnownFileType = file.storyboard; name = Base; path = Base.lproj/LaunchScreen.storyboard; sourceTree = "<group>"; };
		EAD3B1732AE86E5C00E95E54 /* Info.plist */ = {isa = PBXFileReference; lastKnownFileType = text.plist.xml; path = Info.plist; sourceTree = "<group>"; };
/* End PBXFileReference section */

/* Begin PBXFrameworksBuildPhase section */
		EAD3B15F2AE86E5900E95E54 /* Frameworks */ = {
			isa = PBXFrameworksBuildPhase;
			buildActionMask = 2147483647;
			files = (
				B5C3CBF0261FC3A6429C64E3 /* Pods_RegistrationFirebase.framework in Frameworks */,
			);
			runOnlyForDeploymentPostprocessing = 0;
		};
/* End PBXFrameworksBuildPhase section */

/* Begin PBXGroup section */
		4513828332C5C11BE0881CB7 /* Pods */ = {
			isa = PBXGroup;
			children = (
				5D6A952C5303CEF0C252AD3E /* Pods-RegistrationFirebase.debug.xcconfig */,
				32E2C3345D78F566BFE982CB /* Pods-RegistrationFirebase.release.xcconfig */,
			);
			path = Pods;
			sourceTree = "<group>";
		};
		8FE45E89B277063BA139018E /* Frameworks */ = {
			isa = PBXGroup;
			children = (
				2036E5CB937198580D42E414 /* Pods_RegistrationFirebase.framework */,
			);
			name = Frameworks;
			sourceTree = "<group>";
		};
		EA159B792AE8874F00EDD633 /* ViewControllers */ = {
			isa = PBXGroup;
			children = (
				EA159B812AE976B300EDD633 /* ViewController.swift */,
				EA159B772AE886B800EDD633 /* HomeViewController.swift */,
				EA159B7A2AE9738F00EDD633 /* SignUpViewController.swift */,
				EA159B7C2AE9753D00EDD633 /* LoginViewController.swift */,
			);
			path = ViewControllers;
			sourceTree = "<group>";
		};
		EA159B802AE9764600EDD633 /* Halpers */ = {
			isa = PBXGroup;
			children = (
				EA159B7E2AE9763900EDD633 /* Utilities.swift */,
				EA159B852AE989A500EDD633 /* Constants.swift */,
			);
			path = Halpers;
			sourceTree = "<group>";
		};
		EA159B872AE98FF300EDD633 /* Media */ = {
			isa = PBXGroup;
			children = (
				EA159B8C2AE99D8200EDD633 /* video.mov */,
				EA159B882AE993AA00EDD633 /* videoplayback.MOV */,
			);
			path = Media;
			sourceTree = "<group>";
		};
		EAD3B1592AE86E5900E95E54 = {
			isa = PBXGroup;
			children = (
				EAD3B1642AE86E5900E95E54 /* RegistrationFirebase */,
				EAD3B1632AE86E5900E95E54 /* Products */,
				4513828332C5C11BE0881CB7 /* Pods */,
				8FE45E89B277063BA139018E /* Frameworks */,
			);
			sourceTree = "<group>";
		};
		EAD3B1632AE86E5900E95E54 /* Products */ = {
			isa = PBXGroup;
			children = (
				EAD3B1622AE86E5900E95E54 /* RegistrationFirebase.app */,
			);
			name = Products;
			sourceTree = "<group>";
		};
		EAD3B1642AE86E5900E95E54 /* RegistrationFirebase */ = {
			isa = PBXGroup;
			children = (
				EA159B872AE98FF300EDD633 /* Media */,
				EA159B802AE9764600EDD633 /* Halpers */,
				EA159B792AE8874F00EDD633 /* ViewControllers */,
				EAD3B1652AE86E5900E95E54 /* AppDelegate.swift */,
				EAD3B1672AE86E5900E95E54 /* SceneDelegate.swift */,
				EAD3B16B2AE86E5900E95E54 /* Main.storyboard */,
				EAD3B16E2AE86E5C00E95E54 /* Assets.xcassets */,
				EAD3B1702AE86E5C00E95E54 /* LaunchScreen.storyboard */,
				EAD3B1732AE86E5C00E95E54 /* Info.plist */,
				EA159B832AE97E0900EDD633 /* GoogleService-Info.plist */,
			);
			path = RegistrationFirebase;
			sourceTree = "<group>";
		};
/* End PBXGroup section */

/* Begin PBXNativeTarget section */
		EAD3B1612AE86E5900E95E54 /* RegistrationFirebase */ = {
			isa = PBXNativeTarget;
			buildConfigurationList = EAD3B1762AE86E5C00E95E54 /* Build configuration list for PBXNativeTarget "RegistrationFirebase" */;
			buildPhases = (
				DE394CFE25F429698805E952 /* [CP] Check Pods Manifest.lock */,
				EAD3B15E2AE86E5900E95E54 /* Sources */,
				EAD3B15F2AE86E5900E95E54 /* Frameworks */,
				EAD3B1602AE86E5900E95E54 /* Resources */,
				70E03059E8C7260A8DF76801 /* [CP] Embed Pods Frameworks */,
			);
			buildRules = (
			);
			dependencies = (
			);
			name = RegistrationFirebase;
			productName = RegistrationFirebase;
			productReference = EAD3B1622AE86E5900E95E54 /* RegistrationFirebase.app */;
			productType = "com.apple.product-type.application";
		};
/* End PBXNativeTarget section */

/* Begin PBXProject section */
		EAD3B15A2AE86E5900E95E54 /* Project object */ = {
			isa = PBXProject;
			attributes = {
				BuildIndependentTargetsInParallel = 1;
				LastSwiftUpdateCheck = 1500;
				LastUpgradeCheck = 1500;
				TargetAttributes = {
					EAD3B1612AE86E5900E95E54 = {
						CreatedOnToolsVersion = 15.0.1;
					};
				};
			};
			buildConfigurationList = EAD3B15D2AE86E5900E95E54 /* Build configuration list for PBXProject "RegistrationFirebase" */;
			compatibilityVersion = "Xcode 14.0";
			developmentRegion = en;
			hasScannedForEncodings = 0;
			knownRegions = (
				en,
				Base,
			);
			mainGroup = EAD3B1592AE86E5900E95E54;
			productRefGroup = EAD3B1632AE86E5900E95E54 /* Products */;
			projectDirPath = "";
			projectRoot = "";
			targets = (
				EAD3B1612AE86E5900E95E54 /* RegistrationFirebase */,
			);
		};
/* End PBXProject section */

/* Begin PBXResourcesBuildPhase section */
		EAD3B1602AE86E5900E95E54 /* Resources */ = {
			isa = PBXResourcesBuildPhase;
			buildActionMask = 2147483647;
			files = (
				EAD3B1722AE86E5C00E95E54 /* LaunchScreen.storyboard in Resources */,
				EA159B842AE97E0900EDD633 /* GoogleService-Info.plist in Resources */,
				EAD3B16F2AE86E5C00E95E54 /* Assets.xcassets in Resources */,
				EAD3B16D2AE86E5900E95E54 /* Main.storyboard in Resources */,
				EA159B8D2AE99D8200EDD633 /* video.mov in Resources */,
				EA159B892AE993AA00EDD633 /* videoplayback.MOV in Resources */,
			);
			runOnlyForDeploymentPostprocessing = 0;
		};
/* End PBXResourcesBuildPhase section */

/* Begin PBXShellScriptBuildPhase section */
		70E03059E8C7260A8DF76801 /* [CP] Embed Pods Frameworks */ = {
			isa = PBXShellScriptBuildPhase;
			buildActionMask = 2147483647;
			files = (
			);
			inputFileListPaths = (
				"${PODS_ROOT}/Target Support Files/Pods-RegistrationFirebase/Pods-RegistrationFirebase-frameworks-${CONFIGURATION}-input-files.xcfilelist",
			);
			name = "[CP] Embed Pods Frameworks";
			outputFileListPaths = (
				"${PODS_ROOT}/Target Support Files/Pods-RegistrationFirebase/Pods-RegistrationFirebase-frameworks-${CONFIGURATION}-output-files.xcfilelist",
			);
			runOnlyForDeploymentPostprocessing = 0;
			shellPath = /bin/sh;
			shellScript = "\"${PODS_ROOT}/Target Support Files/Pods-RegistrationFirebase/Pods-RegistrationFirebase-frameworks.sh\"\n";
			showEnvVarsInLog = 0;
		};
		DE394CFE25F429698805E952 /* [CP] Check Pods Manifest.lock */ = {
			isa = PBXShellScriptBuildPhase;
			buildActionMask = 2147483647;
			files = (
			);
			inputFileListPaths = (
			);
			inputPaths = (
				"${PODS_PODFILE_DIR_PATH}/Podfile.lock",
				"${PODS_ROOT}/Manifest.lock",
			);
			name = "[CP] Check Pods Manifest.lock";
			outputFileListPaths = (
			);
			outputPaths = (
				"$(DERIVED_FILE_DIR)/Pods-RegistrationFirebase-checkManifestLockResult.txt",
			);
			runOnlyForDeploymentPostprocessing = 0;
			shellPath = /bin/sh;
			shellScript = "diff \"${PODS_PODFILE_DIR_PATH}/Podfile.lock\" \"${PODS_ROOT}/Manifest.lock\" > /dev/null\nif [ $? != 0 ] ; then\n    # print error to STDERR\n    echo \"error: The sandbox is not in sync with the Podfile.lock. Run 'pod install' or update your CocoaPods installation.\" >&2\n    exit 1\nfi\n# This output is used by Xcode 'outputs' to avoid re-running this script phase.\necho \"SUCCESS\" > \"${SCRIPT_OUTPUT_FILE_0}\"\n";
			showEnvVarsInLog = 0;
		};
/* End PBXShellScriptBuildPhase section */

/* Begin PBXSourcesBuildPhase section */
		EAD3B15E2AE86E5900E95E54 /* Sources */ = {
			isa = PBXSourcesBuildPhase;
			buildActionMask = 2147483647;
			files = (
				EA159B7D2AE9753D00EDD633 /* LoginViewController.swift in Sources */,
				EA159B7B2AE9738F00EDD633 /* SignUpViewController.swift in Sources */,
				EA159B7F2AE9763900EDD633 /* Utilities.swift in Sources */,
				EAD3B1662AE86E5900E95E54 /* AppDelegate.swift in Sources */,
				EA159B822AE976B300EDD633 /* ViewController.swift in Sources */,
				EAD3B1682AE86E5900E95E54 /* SceneDelegate.swift in Sources */,
				EA159B782AE886B800EDD633 /* HomeViewController.swift in Sources */,
				EA159B862AE989A500EDD633 /* Constants.swift in Sources */,
			);
			runOnlyForDeploymentPostprocessing = 0;
		};
/* End PBXSourcesBuildPhase section */

/* Begin PBXVariantGroup section */
		EAD3B16B2AE86E5900E95E54 /* Main.storyboard */ = {
			isa = PBXVariantGroup;
			children = (
				EAD3B16C2AE86E5900E95E54 /* Base */,
			);
			name = Main.storyboard;
			sourceTree = "<group>";
		};
		EAD3B1702AE86E5C00E95E54 /* LaunchScreen.storyboard */ = {
			isa = PBXVariantGroup;
			children = (
				EAD3B1712AE86E5C00E95E54 /* Base */,
			);
			name = LaunchScreen.storyboard;
			sourceTree = "<group>";
		};
/* End PBXVariantGroup section */

/* Begin XCBuildConfiguration section */
		EAD3B1742AE86E5C00E95E54 /* Debug */ = {
			isa = XCBuildConfiguration;
			buildSettings = {
				ALWAYS_SEARCH_USER_PATHS = NO;
				ASSETCATALOG_COMPILER_GENERATE_SWIFT_ASSET_SYMBOL_EXTENSIONS = YES;
				CLANG_ANALYZER_NONNULL = YES;
				CLANG_ANALYZER_NUMBER_OBJECT_CONVERSION = YES_AGGRESSIVE;
				CLANG_CXX_LANGUAGE_STANDARD = "gnu++20";
				CLANG_ENABLE_MODULES = YES;
				CLANG_ENABLE_OBJC_ARC = YES;
				CLANG_ENABLE_OBJC_WEAK = YES;
				CLANG_WARN_BLOCK_CAPTURE_AUTORELEASING = YES;
				CLANG_WARN_BOOL_CONVERSION = YES;
				CLANG_WARN_COMMA = YES;
				CLANG_WARN_CONSTANT_CONVERSION = YES;
				CLANG_WARN_DEPRECATED_OBJC_IMPLEMENTATIONS = YES;
				CLANG_WARN_DIRECT_OBJC_ISA_USAGE = YES_ERROR;
				CLANG_WARN_DOCUMENTATION_COMMENTS = YES;
				CLANG_WARN_EMPTY_BODY = YES;
				CLANG_WARN_ENUM_CONVERSION = YES;
				CLANG_WARN_INFINITE_RECURSION = YES;
				CLANG_WARN_INT_CONVERSION = YES;
				CLANG_WARN_NON_LITERAL_NULL_CONVERSION = YES;
				CLANG_WARN_OBJC_IMPLICIT_RETAIN_SELF = YES;
				CLANG_WARN_OBJC_LITERAL_CONVERSION = YES;
				CLANG_WARN_OBJC_ROOT_CLASS = YES_ERROR;
				CLANG_WARN_QUOTED_INCLUDE_IN_FRAMEWORK_HEADER = YES;
				CLANG_WARN_RANGE_LOOP_ANALYSIS = YES;
				CLANG_WARN_STRICT_PROTOTYPES = YES;
				CLANG_WARN_SUSPICIOUS_MOVE = YES;
				CLANG_WARN_UNGUARDED_AVAILABILITY = YES_AGGRESSIVE;
				CLANG_WARN_UNREACHABLE_CODE = YES;
				CLANG_WARN__DUPLICATE_METHOD_MATCH = YES;
				COPY_PHASE_STRIP = NO;
				DEBUG_INFORMATION_FORMAT = dwarf;
				ENABLE_STRICT_OBJC_MSGSEND = YES;
				ENABLE_TESTABILITY = YES;
				ENABLE_USER_SCRIPT_SANDBOXING = YES;
				GCC_C_LANGUAGE_STANDARD = gnu17;
				GCC_DYNAMIC_NO_PIC = NO;
				GCC_NO_COMMON_BLOCKS = YES;
				GCC_OPTIMIZATION_LEVEL = 0;
				GCC_PREPROCESSOR_DEFINITIONS = (
					"DEBUG=1",
					"$(inherited)",
				);
				GCC_WARN_64_TO_32_BIT_CONVERSION = YES;
				GCC_WARN_ABOUT_RETURN_TYPE = YES_ERROR;
				GCC_WARN_UNDECLARED_SELECTOR = YES;
				GCC_WARN_UNINITIALIZED_AUTOS = YES_AGGRESSIVE;
				GCC_WARN_UNUSED_FUNCTION = YES;
				GCC_WARN_UNUSED_VARIABLE = YES;
				IPHONEOS_DEPLOYMENT_TARGET = 17.0;
				LOCALIZATION_PREFERS_STRING_CATALOGS = YES;
				MTL_ENABLE_DEBUG_INFO = INCLUDE_SOURCE;
				MTL_FAST_MATH = YES;
				ONLY_ACTIVE_ARCH = YES;
				SDKROOT = iphoneos;
				SWIFT_ACTIVE_COMPILATION_CONDITIONS = "DEBUG $(inherited)";
				SWIFT_OPTIMIZATION_LEVEL = "-Onone";
			};
			name = Debug;
		};
		EAD3B1752AE86E5C00E95E54 /* Release */ = {
			isa = XCBuildConfiguration;
			buildSettings = {
				ALWAYS_SEARCH_USER_PATHS = NO;
				ASSETCATALOG_COMPILER_GENERATE_SWIFT_ASSET_SYMBOL_EXTENSIONS = YES;
				CLANG_ANALYZER_NONNULL = YES;
				CLANG_ANALYZER_NUMBER_OBJECT_CONVERSION = YES_AGGRESSIVE;
				CLANG_CXX_LANGUAGE_STANDARD = "gnu++20";
				CLANG_ENABLE_MODULES = YES;
				CLANG_ENABLE_OBJC_ARC = YES;
				CLANG_ENABLE_OBJC_WEAK = YES;
				CLANG_WARN_BLOCK_CAPTURE_AUTORELEASING = YES;
				CLANG_WARN_BOOL_CONVERSION = YES;
				CLANG_WARN_COMMA = YES;
				CLANG_WARN_CONSTANT_CONVERSION = YES;
				CLANG_WARN_DEPRECATED_OBJC_IMPLEMENTATIONS = YES;
				CLANG_WARN_DIRECT_OBJC_ISA_USAGE = YES_ERROR;
				CLANG_WARN_DOCUMENTATION_COMMENTS = YES;
				CLANG_WARN_EMPTY_BODY = YES;
				CLANG_WARN_ENUM_CONVERSION = YES;
				CLANG_WARN_INFINITE_RECURSION = YES;
				CLANG_WARN_INT_CONVERSION = YES;
				CLANG_WARN_NON_LITERAL_NULL_CONVERSION = YES;
				CLANG_WARN_OBJC_IMPLICIT_RETAIN_SELF = YES;
				CLANG_WARN_OBJC_LITERAL_CONVERSION = YES;
				CLANG_WARN_OBJC_ROOT_CLASS = YES_ERROR;
				CLANG_WARN_QUOTED_INCLUDE_IN_FRAMEWORK_HEADER = YES;
				CLANG_WARN_RANGE_LOOP_ANALYSIS = YES;
				CLANG_WARN_STRICT_PROTOTYPES = YES;
				CLANG_WARN_SUSPICIOUS_MOVE = YES;
				CLANG_WARN_UNGUARDED_AVAILABILITY = YES_AGGRESSIVE;
				CLANG_WARN_UNREACHABLE_CODE = YES;
				CLANG_WARN__DUPLICATE_METHOD_MATCH = YES;
				COPY_PHASE_STRIP = NO;
				DEBUG_INFORMATION_FORMAT = "dwarf-with-dsym";
				ENABLE_NS_ASSERTIONS = NO;
				ENABLE_STRICT_OBJC_MSGSEND = YES;
				ENABLE_USER_SCRIPT_SANDBOXING = YES;
				GCC_C_LANGUAGE_STANDARD = gnu17;
				GCC_NO_COMMON_BLOCKS = YES;
				GCC_WARN_64_TO_32_BIT_CONVERSION = YES;
				GCC_WARN_ABOUT_RETURN_TYPE = YES_ERROR;
				GCC_WARN_UNDECLARED_SELECTOR = YES;
				GCC_WARN_UNINITIALIZED_AUTOS = YES_AGGRESSIVE;
				GCC_WARN_UNUSED_FUNCTION = YES;
				GCC_WARN_UNUSED_VARIABLE = YES;
				IPHONEOS_DEPLOYMENT_TARGET = 17.0;
				LOCALIZATION_PREFERS_STRING_CATALOGS = YES;
				MTL_ENABLE_DEBUG_INFO = NO;
				MTL_FAST_MATH = YES;
				SDKROOT = iphoneos;
				SWIFT_COMPILATION_MODE = wholemodule;
				VALIDATE_PRODUCT = YES;
			};
			name = Release;
		};
		EAD3B1772AE86E5C00E95E54 /* Debug */ = {
			isa = XCBuildConfiguration;
			baseConfigurationReference = 5D6A952C5303CEF0C252AD3E /* Pods-RegistrationFirebase.debug.xcconfig */;
			buildSettings = {
				ASSETCATALOG_COMPILER_APPICON_NAME = AppIcon;
				ASSETCATALOG_COMPILER_GLOBAL_ACCENT_COLOR_NAME = AccentColor;
				CODE_SIGN_STYLE = Automatic;
				CURRENT_PROJECT_VERSION = 1;
				DEVELOPMENT_TEAM = 3YCT64G567;
				ENABLE_USER_SCRIPT_SANDBOXING = NO;
				GENERATE_INFOPLIST_FILE = YES;
				INFOPLIST_FILE = RegistrationFirebase/Info.plist;
				INFOPLIST_KEY_UIApplicationSupportsIndirectInputEvents = YES;
				INFOPLIST_KEY_UILaunchStoryboardName = LaunchScreen;
				INFOPLIST_KEY_UIMainStoryboardFile = Main;
				INFOPLIST_KEY_UISupportedInterfaceOrientations_iPad = "UIInterfaceOrientationPortrait UIInterfaceOrientationPortraitUpsideDown UIInterfaceOrientationLandscapeLeft UIInterfaceOrientationLandscapeRight";
				INFOPLIST_KEY_UISupportedInterfaceOrientations_iPhone = "UIInterfaceOrientationPortrait UIInterfaceOrientationLandscapeLeft UIInterfaceOrientationLandscapeRight";
				LD_RUNPATH_SEARCH_PATHS = (
					"$(inherited)",
					"@executable_path/Frameworks",
				);
				MARKETING_VERSION = 1.0;
				PRODUCT_BUNDLE_IDENTIFIER = com.dariarahman.RegistrationFirebase;
				PRODUCT_NAME = "$(TARGET_NAME)";
				SWIFT_EMIT_LOC_STRINGS = YES;
				SWIFT_VERSION = 5.0;
				TARGETED_DEVICE_FAMILY = "1,2";
			};
			name = Debug;
		};
		EAD3B1782AE86E5C00E95E54 /* Release */ = {
			isa = XCBuildConfiguration;
			baseConfigurationReference = 32E2C3345D78F566BFE982CB /* Pods-RegistrationFirebase.release.xcconfig */;
			buildSettings = {
				ASSETCATALOG_COMPILER_APPICON_NAME = AppIcon;
				ASSETCATALOG_COMPILER_GLOBAL_ACCENT_COLOR_NAME = AccentColor;
				CODE_SIGN_STYLE = Automatic;
				CURRENT_PROJECT_VERSION = 1;
				DEVELOPMENT_TEAM = 3YCT64G567;
				ENABLE_USER_SCRIPT_SANDBOXING = NO;
				GENERATE_INFOPLIST_FILE = YES;
				INFOPLIST_FILE = RegistrationFirebase/Info.plist;
				INFOPLIST_KEY_UIApplicationSupportsIndirectInputEvents = YES;
				INFOPLIST_KEY_UILaunchStoryboardName = LaunchScreen;
				INFOPLIST_KEY_UIMainStoryboardFile = Main;
				INFOPLIST_KEY_UISupportedInterfaceOrientations_iPad = "UIInterfaceOrientationPortrait UIInterfaceOrientationPortraitUpsideDown UIInterfaceOrientationLandscapeLeft UIInterfaceOrientationLandscapeRight";
				INFOPLIST_KEY_UISupportedInterfaceOrientations_iPhone = "UIInterfaceOrientationPortrait UIInterfaceOrientationLandscapeLeft UIInterfaceOrientationLandscapeRight";
				LD_RUNPATH_SEARCH_PATHS = (
					"$(inherited)",
					"@executable_path/Frameworks",
				);
				MARKETING_VERSION = 1.0;
				PRODUCT_BUNDLE_IDENTIFIER = com.dariarahman.RegistrationFirebase;
				PRODUCT_NAME = "$(TARGET_NAME)";
				SWIFT_EMIT_LOC_STRINGS = YES;
				SWIFT_VERSION = 5.0;
				TARGETED_DEVICE_FAMILY = "1,2";
			};
			name = Release;
		};
/* End XCBuildConfiguration section */

/* Begin XCConfigurationList section */
		EAD3B15D2AE86E5900E95E54 /* Build configuration list for PBXProject "RegistrationFirebase" */ = {
			isa = XCConfigurationList;
			buildConfigurations = (
				EAD3B1742AE86E5C00E95E54 /* Debug */,
				EAD3B1752AE86E5C00E95E54 /* Release */,
			);
			defaultConfigurationIsVisible = 0;
			defaultConfigurationName = Release;
		};
		EAD3B1762AE86E5C00E95E54 /* Build configuration list for PBXNativeTarget "RegistrationFirebase" */ = {
			isa = XCConfigurationList;
			buildConfigurations = (
				EAD3B1772AE86E5C00E95E54 /* Debug */,
				EAD3B1782AE86E5C00E95E54 /* Release */,
			);
			defaultConfigurationIsVisible = 0;
			defaultConfigurationName = Release;
		};
/* End XCConfigurationList section */
	};
	rootObject = EAD3B15A2AE86E5900E95E54 /* Project object */;
}
